Microsoft Visual Studio Solution File, Format Version 11.00
# Visual Studio 2008

Project("{5A974986-32BC-0E9A-FC3F-F2024F832D2F}") = "Franky", "Assembly-CSharp.csproj", "{06EDF497-D60D-96BD-0165-ABF0FBB75403}"
EndProject
Global
	GlobalSection(SolutionConfigurationPlatforms) = preSolution
		Debug|Any CPU = Debug|Any CPU
		Release|Any CPU = Release|Any CPU
	EndGlobalSection
	GlobalSection(ProjectConfigurationPlatforms) = postSolution
		{06EDF497-D60D-96BD-0165-ABF0FBB75403}.Debug|Any CPU.ActiveCfg = Debug|Any CPU
		{06EDF497-D60D-96BD-0165-ABF0FBB75403}.Debug|Any CPU.Build.0 = Debug|Any CPU
		{06EDF497-D60D-96BD-0165-ABF0FBB75403}.Release|Any CPU.ActiveCfg = Release|Any CPU
		{06EDF497-D60D-96BD-0165-ABF0FBB75403}.Release|Any CPU.Build.0 = Release|Any CPU
	EndGlobalSection
	GlobalSection(SolutionProperties) = preSolution
		HideSolutionNode = FALSE
	EndGlobalSection
	GlobalSection(MonoDevelopProperties) = preSolution
		StartupItem = Assembly-CSharp.csproj
	EndGlobalSection
EndGlobal
